
Microsoft Visual Studio Solution File, Format Version 12.00
# Visual Studio Version 17
VisualStudioVersion = 17.11.35303.130
MinimumVisualStudioVersion = 10.0.40219.1
Project("{FAE04EC0-301F-11D3-BF4B-00C04F79EFBC}") = "ControlInventario", "ControlInventario\ControlInventario.csproj", "{8E5C5B48-8634-4E00-8A3D-97B1A816C112}"
EndProject
Global
	GlobalSection(SolutionConfigurationPlatforms) = preSolution
		Debug|Any CPU = Debug|Any CPU
		Release|Any CPU = Release|Any CPU
	EndGlobalSection
	GlobalSection(ProjectConfigurationPlatforms) = postSolution
		{8E5C5B48-8634-4E00-8A3D-97B1A816C112}.Debug|Any CPU.ActiveCfg = Debug|Any CPU
		{8E5C5B48-8634-4E00-8A3D-97B1A816C112}.Debug|Any CPU.Build.0 = Debug|Any CPU
		{8E5C5B48-8634-4E00-8A3D-97B1A816C112}.Release|Any CPU.ActiveCfg = Release|Any CPU
		{8E5C5B48-8634-4E00-8A3D-97B1A816C112}.Release|Any CPU.Build.0 = Release|Any CPU
	EndGlobalSection
	GlobalSection(SolutionProperties) = preSolution
		HideSolutionNode = FALSE
	EndGlobalSection
	GlobalSection(ExtensibilityGlobals) = postSolution
		SolutionGuid = {62AD7C3B-AC08-4B5E-A981-53A80113BBD7}
	EndGlobalSection
EndGlobal
